
Microsoft Visual Studio Solution File, Format Version 12.00
# Visual Studio Version 16
VisualStudioVersion = 16.0.30804.86
MinimumVisualStudioVersion = 10.0.40219.1
Project("{FAE04EC0-301F-11D3-BF4B-00C04F79EFBC}") = "ЕБС_ДБО_v.1.1.3", "ЕБС_ДБО_v.1.1.3.csproj", "{CC6EB516-82DF-4E7D-8076-0AF1F05917AE}"
EndProject
Global
	GlobalSection(SolutionConfigurationPlatforms) = preSolution
		Debug|Any CPU = Debug|Any CPU
		Release|Any CPU = Release|Any CPU
	EndGlobalSection
	GlobalSection(ProjectConfigurationPlatforms) = postSolution
		{CC6EB516-82DF-4E7D-8076-0AF1F05917AE}.Debug|Any CPU.ActiveCfg = Debug|Any CPU
		{CC6EB516-82DF-4E7D-8076-0AF1F05917AE}.Debug|Any CPU.Build.0 = Debug|Any CPU
		{CC6EB516-82DF-4E7D-8076-0AF1F05917AE}.Release|Any CPU.ActiveCfg = Release|Any CPU
		{CC6EB516-82DF-4E7D-8076-0AF1F05917AE}.Release|Any CPU.Build.0 = Release|Any CPU
	EndGlobalSection
	GlobalSection(SolutionProperties) = preSolution
		HideSolutionNode = FALSE
	EndGlobalSection
	GlobalSection(ExtensibilityGlobals) = postSolution
		SolutionGuid = {6FE34752-A58A-4185-951B-20EB787700E9}
	EndGlobalSection
EndGlobal
